// !$*UTF8*$!
{
	archiveVersion = 1;
	classes = {
	};
	objectVersion = 51;
	objects = {

/* Begin PBXBuildFile section */
		34AA423102E1354A6B8F9CAA /* Pods_FlickrApp.framework in Frameworks */ = {isa = PBXBuildFile; fileRef = D7CFC9C4980CDD64B0B0A45E /* Pods_FlickrApp.framework */; };
		758EF44F24F2BE6800DDC43D /* AppDelegate.swift in Sources */ = {isa = PBXBuildFile; fileRef = 758EF44E24F2BE6800DDC43D /* AppDelegate.swift */; };
		758EF45124F2BE6800DDC43D /* SceneDelegate.swift in Sources */ = {isa = PBXBuildFile; fileRef = 758EF45024F2BE6800DDC43D /* SceneDelegate.swift */; };
		758EF45324F2BE6800DDC43D /* FlickrMainViewController.swift in Sources */ = {isa = PBXBuildFile; fileRef = 758EF45224F2BE6800DDC43D /* FlickrMainViewController.swift */; };
		758EF45624F2BE6800DDC43D /* Main.storyboard in Resources */ = {isa = PBXBuildFile; fileRef = 758EF45424F2BE6800DDC43D /* Main.storyboard */; };
		758EF45824F2BE6A00DDC43D /* Assets.xcassets in Resources */ = {isa = PBXBuildFile; fileRef = 758EF45724F2BE6A00DDC43D /* Assets.xcassets */; };
		758EF45B24F2BE6A00DDC43D /* LaunchScreen.storyboard in Resources */ = {isa = PBXBuildFile; fileRef = 758EF45924F2BE6A00DDC43D /* LaunchScreen.storyboard */; };
		758EF46B24F2D08E00DDC43D /* FlickrConstants.swift in Sources */ = {isa = PBXBuildFile; fileRef = 758EF46A24F2D08E00DDC43D /* FlickrConstants.swift */; };
		758EF46D24F2D0B200DDC43D /* PhotoResponse.swift in Sources */ = {isa = PBXBuildFile; fileRef = 758EF46C24F2D0B200DDC43D /* PhotoResponse.swift */; };
		758EF46F24F2D0E700DDC43D /* Photo.swift in Sources */ = {isa = PBXBuildFile; fileRef = 758EF46E24F2D0E700DDC43D /* Photo.swift */; };
		758EF47124F2D0FF00DDC43D /* Photos.swift in Sources */ = {isa = PBXBuildFile; fileRef = 758EF47024F2D0FF00DDC43D /* Photos.swift */; };
		758EF47324F2D15500DDC43D /* PhotoCell.swift in Sources */ = {isa = PBXBuildFile; fileRef = 758EF47224F2D15500DDC43D /* PhotoCell.swift */; };
/* End PBXBuildFile section */

/* Begin PBXFileReference section */
		758EF44B24F2BE6800DDC43D /* FlickrApp.app */ = {isa = PBXFileReference; explicitFileType = wrapper.application; includeInIndex = 0; path = FlickrApp.app; sourceTree = BUILT_PRODUCTS_DIR; };
		758EF44E24F2BE6800DDC43D /* AppDelegate.swift */ = {isa = PBXFileReference; lastKnownFileType = sourcecode.swift; path = AppDelegate.swift; sourceTree = "<group>"; };
		758EF45024F2BE6800DDC43D /* SceneDelegate.swift */ = {isa = PBXFileReference; lastKnownFileType = sourcecode.swift; path = SceneDelegate.swift; sourceTree = "<group>"; };
		758EF45224F2BE6800DDC43D /* FlickrMainViewController.swift */ = {isa = PBXFileReference; lastKnownFileType = sourcecode.swift; path = FlickrMainViewController.swift; sourceTree = "<group>"; };
		758EF45524F2BE6800DDC43D /* Base */ = {isa = PBXFileReference; lastKnownFileType = file.storyboard; name = Base; path = Base.lproj/Main.storyboard; sourceTree = "<group>"; };
		758EF45724F2BE6A00DDC43D /* Assets.xcassets */ = {isa = PBXFileReference; lastKnownFileType = folder.assetcatalog; path = Assets.xcassets; sourceTree = "<group>"; };
		758EF45A24F2BE6A00DDC43D /* Base */ = {isa = PBXFileReference; lastKnownFileType = file.storyboard; name = Base; path = Base.lproj/LaunchScreen.storyboard; sourceTree = "<group>"; };
		758EF45C24F2BE6A00DDC43D /* Info.plist */ = {isa = PBXFileReference; lastKnownFileType = text.plist.xml; path = Info.plist; sourceTree = "<group>"; };
		758EF46A24F2D08E00DDC43D /* FlickrConstants.swift */ = {isa = PBXFileReference; lastKnownFileType = sourcecode.swift; path = FlickrConstants.swift; sourceTree = "<group>"; };
		758EF46C24F2D0B200DDC43D /* PhotoResponse.swift */ = {isa = PBXFileReference; lastKnownFileType = sourcecode.swift; path = PhotoResponse.swift; sourceTree = "<group>"; };
		758EF46E24F2D0E700DDC43D /* Photo.swift */ = {isa = PBXFileReference; lastKnownFileType = sourcecode.swift; path = Photo.swift; sourceTree = "<group>"; };
		758EF47024F2D0FF00DDC43D /* Photos.swift */ = {isa = PBXFileReference; lastKnownFileType = sourcecode.swift; path = Photos.swift; sourceTree = "<group>"; };
		758EF47224F2D15500DDC43D /* PhotoCell.swift */ = {isa = PBXFileReference; lastKnownFileType = sourcecode.swift; path = PhotoCell.swift; sourceTree = "<group>"; };
		BA89D75B0007B78D02A72D00 /* Pods-FlickrApp.debug.xcconfig */ = {isa = PBXFileReference; includeInIndex = 1; lastKnownFileType = text.xcconfig; name = "Pods-FlickrApp.debug.xcconfig"; path = "Target Support Files/Pods-FlickrApp/Pods-FlickrApp.debug.xcconfig"; sourceTree = "<group>"; };
		D7CFC9C4980CDD64B0B0A45E /* Pods_FlickrApp.framework */ = {isa = PBXFileReference; explicitFileType = wrapper.framework; includeInIndex = 0; path = Pods_FlickrApp.framework; sourceTree = BUILT_PRODUCTS_DIR; };
		F2FFE86A7E7B7C8B552E2384 /* Pods-FlickrApp.release.xcconfig */ = {isa = PBXFileReference; includeInIndex = 1; lastKnownFileType = text.xcconfig; name = "Pods-FlickrApp.release.xcconfig"; path = "Target Support Files/Pods-FlickrApp/Pods-FlickrApp.release.xcconfig"; sourceTree = "<group>"; };
/* End PBXFileReference section */

/* Begin PBXFrameworksBuildPhase section */
		758EF44824F2BE6800DDC43D /* Frameworks */ = {
			isa = PBXFrameworksBuildPhase;
			buildActionMask = 2147483647;
			files = (
				34AA423102E1354A6B8F9CAA /* Pods_FlickrApp.framework in Frameworks */,
			);
			runOnlyForDeploymentPostprocessing = 0;
		};
/* End PBXFrameworksBuildPhase section */

/* Begin PBXGroup section */
		758EF44224F2BE6800DDC43D = {
			isa = PBXGroup;
			children = (
				758EF44D24F2BE6800DDC43D /* FlickrApp */,
				758EF44C24F2BE6800DDC43D /* Products */,
				86672B6DF963B9BCFF645FD7 /* Pods */,
				F041356AC3D0815A41B821C5 /* Frameworks */,
			);
			sourceTree = "<group>";
		};
		758EF44C24F2BE6800DDC43D /* Products */ = {
			isa = PBXGroup;
			children = (
				758EF44B24F2BE6800DDC43D /* FlickrApp.app */,
			);
			name = Products;
			sourceTree = "<group>";
		};
		758EF44D24F2BE6800DDC43D /* FlickrApp */ = {
			isa = PBXGroup;
			children = (
				758EF46924F2D05D00DDC43D /* Constants */,
				758EF46224F2D03900DDC43D /* Model */,
				758EF44E24F2BE6800DDC43D /* AppDelegate.swift */,
				758EF45024F2BE6800DDC43D /* SceneDelegate.swift */,
				758EF45224F2BE6800DDC43D /* FlickrMainViewController.swift */,
				758EF45424F2BE6800DDC43D /* Main.storyboard */,
				758EF45724F2BE6A00DDC43D /* Assets.xcassets */,
				758EF45924F2BE6A00DDC43D /* LaunchScreen.storyboard */,
				758EF45C24F2BE6A00DDC43D /* Info.plist */,
				758EF47224F2D15500DDC43D /* PhotoCell.swift */,
			);
			path = FlickrApp;
			sourceTree = "<group>";
		};
		758EF46224F2D03900DDC43D /* Model */ = {
			isa = PBXGroup;
			children = (
				758EF46C24F2D0B200DDC43D /* PhotoResponse.swift */,
				758EF46E24F2D0E700DDC43D /* Photo.swift */,
				758EF47024F2D0FF00DDC43D /* Photos.swift */,
			);
			path = Model;
			sourceTree = "<group>";
		};
		758EF46924F2D05D00DDC43D /* Constants */ = {
			isa = PBXGroup;
			children = (
				758EF46A24F2D08E00DDC43D /* FlickrConstants.swift */,
			);
			path = Constants;
			sourceTree = "<group>";
		};
		86672B6DF963B9BCFF645FD7 /* Pods */ = {
			isa = PBXGroup;
			children = (
				BA89D75B0007B78D02A72D00 /* Pods-FlickrApp.debug.xcconfig */,
				F2FFE86A7E7B7C8B552E2384 /* Pods-FlickrApp.release.xcconfig */,
			);
			path = Pods;
			sourceTree = "<group>";
		};
		F041356AC3D0815A41B821C5 /* Frameworks */ = {
			isa = PBXGroup;
			children = (
				D7CFC9C4980CDD64B0B0A45E /* Pods_FlickrApp.framework */,
			);
			name = Frameworks;
			sourceTree = "<group>";
		};
/* End PBXGroup section */

/* Begin PBXNativeTarget section */
		758EF44A24F2BE6800DDC43D /* FlickrApp */ = {
			isa = PBXNativeTarget;
			buildConfigurationList = 758EF45F24F2BE6A00DDC43D /* Build configuration list for PBXNativeTarget "FlickrApp" */;
			buildPhases = (
				5485246A384F29D3708929B0 /* [CP] Check Pods Manifest.lock */,
				758EF44724F2BE6800DDC43D /* Sources */,
				758EF44824F2BE6800DDC43D /* Frameworks */,
				758EF44924F2BE6800DDC43D /* Resources */,
				F5BDABF3BCFE04A7DF05F87A /* [CP] Embed Pods Frameworks */,
			);
			buildRules = (
			);
			dependencies = (
			);
			name = FlickrApp;
			productName = FlickrApp;
			productReference = 758EF44B24F2BE6800DDC43D /* FlickrApp.app */;
			productType = "com.apple.product-type.application";
		};
/* End PBXNativeTarget section */

/* Begin PBXProject section */
		758EF44324F2BE6800DDC43D /* Project object */ = {
			isa = PBXProject;
			attributes = {
				LastSwiftUpdateCheck = 1130;
				LastUpgradeCheck = 1130;
				ORGANIZATIONNAME = "Ashutosh Roy";
				TargetAttributes = {
					758EF44A24F2BE6800DDC43D = {
						CreatedOnToolsVersion = 11.3.1;
					};
				};
			};
			buildConfigurationList = 758EF44624F2BE6800DDC43D /* Build configuration list for PBXProject "FlickrApp" */;
			compatibilityVersion = "Xcode 9.3";
			developmentRegion = en;
			hasScannedForEncodings = 0;
			knownRegions = (
				en,
				Base,
			);
			mainGroup = 758EF44224F2BE6800DDC43D;
			productRefGroup = 758EF44C24F2BE6800DDC43D /* Products */;
			projectDirPath = "";
			projectRoot = "";
			targets = (
				758EF44A24F2BE6800DDC43D /* FlickrApp */,
			);
		};
/* End PBXProject section */

/* Begin PBXResourcesBuildPhase section */
		758EF44924F2BE6800DDC43D /* Resources */ = {
			isa = PBXResourcesBuildPhase;
			buildActionMask = 2147483647;
			files = (
				758EF45B24F2BE6A00DDC43D /* LaunchScreen.storyboard in Resources */,
				758EF45824F2BE6A00DDC43D /* Assets.xcassets in Resources */,
				758EF45624F2BE6800DDC43D /* Main.storyboard in Resources */,
			);
			runOnlyForDeploymentPostprocessing = 0;
		};
/* End PBXResourcesBuildPhase section */

/* Begin PBXShellScriptBuildPhase section */
		5485246A384F29D3708929B0 /* [CP] Check Pods Manifest.lock */ = {
			isa = PBXShellScriptBuildPhase;
			buildActionMask = 2147483647;
			files = (
			);
			inputFileListPaths = (
			);
			inputPaths = (
				"${PODS_PODFILE_DIR_PATH}/Podfile.lock",
				"${PODS_ROOT}/Manifest.lock",
			);
			name = "[CP] Check Pods Manifest.lock";
			outputFileListPaths = (
			);
			outputPaths = (
				"$(DERIVED_FILE_DIR)/Pods-FlickrApp-checkManifestLockResult.txt",
			);
			runOnlyForDeploymentPostprocessing = 0;
			shellPath = /bin/sh;
			shellScript = "diff \"${PODS_PODFILE_DIR_PATH}/Podfile.lock\" \"${PODS_ROOT}/Manifest.lock\" > /dev/null\nif [ $? != 0 ] ; then\n    # print error to STDERR\n    echo \"error: The sandbox is not in sync with the Podfile.lock. Run 'pod install' or update your CocoaPods installation.\" >&2\n    exit 1\nfi\n# This output is used by Xcode 'outputs' to avoid re-running this script phase.\necho \"SUCCESS\" > \"${SCRIPT_OUTPUT_FILE_0}\"\n";
			showEnvVarsInLog = 0;
		};
		F5BDABF3BCFE04A7DF05F87A /* [CP] Embed Pods Frameworks */ = {
			isa = PBXShellScriptBuildPhase;
			buildActionMask = 2147483647;
			files = (
			);
			inputFileListPaths = (
				"${PODS_ROOT}/Target Support Files/Pods-FlickrApp/Pods-FlickrApp-frameworks-${CONFIGURATION}-input-files.xcfilelist",
			);
			name = "[CP] Embed Pods Frameworks";
			outputFileListPaths = (
				"${PODS_ROOT}/Target Support Files/Pods-FlickrApp/Pods-FlickrApp-frameworks-${CONFIGURATION}-output-files.xcfilelist",
			);
			runOnlyForDeploymentPostprocessing = 0;
			shellPath = /bin/sh;
			shellScript = "\"${PODS_ROOT}/Target Support Files/Pods-FlickrApp/Pods-FlickrApp-frameworks.sh\"\n";
			showEnvVarsInLog = 0;
		};
/* End PBXShellScriptBuildPhase section */

/* Begin PBXSourcesBuildPhase section */
		758EF44724F2BE6800DDC43D /* Sources */ = {
			isa = PBXSourcesBuildPhase;
			buildActionMask = 2147483647;
			files = (
				758EF46F24F2D0E700DDC43D /* Photo.swift in Sources */,
				758EF45324F2BE6800DDC43D /* FlickrMainViewController.swift in Sources */,
				758EF44F24F2BE6800DDC43D /* AppDelegate.swift in Sources */,
				758EF45124F2BE6800DDC43D /* SceneDelegate.swift in Sources */,
				758EF47324F2D15500DDC43D /* PhotoCell.swift in Sources */,
				758EF46D24F2D0B200DDC43D /* PhotoResponse.swift in Sources */,
				758EF46B24F2D08E00DDC43D /* FlickrConstants.swift in Sources */,
				758EF47124F2D0FF00DDC43D /* Photos.swift in Sources */,
			);
			runOnlyForDeploymentPostprocessing = 0;
		};
/* End PBXSourcesBuildPhase section */

/* Begin PBXVariantGroup section */
		758EF45424F2BE6800DDC43D /* Main.storyboard */ = {
			isa = PBXVariantGroup;
			children = (
				758EF45524F2BE6800DDC43D /* Base */,
			);
			name = Main.storyboard;
			sourceTree = "<group>";
		};
		758EF45924F2BE6A00DDC43D /* LaunchScreen.storyboard */ = {
			isa = PBXVariantGroup;
			children = (
				758EF45A24F2BE6A00DDC43D /* Base */,
			);
			name = LaunchScreen.storyboard;
			sourceTree = "<group>";
		};
/* End PBXVariantGroup section */

/* Begin XCBuildConfiguration section */
		758EF45D24F2BE6A00DDC43D /* Debug */ = {
			isa = XCBuildConfiguration;
			buildSettings = {
				ALWAYS_SEARCH_USER_PATHS = NO;
				CLANG_ANALYZER_NONNULL = YES;
				CLANG_ANALYZER_NUMBER_OBJECT_CONVERSION = YES_AGGRESSIVE;
				CLANG_CXX_LANGUAGE_STANDARD = "gnu++14";
				CLANG_CXX_LIBRARY = "libc++";
				CLANG_ENABLE_MODULES = YES;
				CLANG_ENABLE_OBJC_ARC = YES;
				CLANG_ENABLE_OBJC_WEAK = YES;
				CLANG_WARN_BLOCK_CAPTURE_AUTORELEASING = YES;
				CLANG_WARN_BOOL_CONVERSION = YES;
				CLANG_WARN_COMMA = YES;
				CLANG_WARN_CONSTANT_CONVERSION = YES;
				CLANG_WARN_DEPRECATED_OBJC_IMPLEMENTATIONS = YES;
				CLANG_WARN_DIRECT_OBJC_ISA_USAGE = YES_ERROR;
				CLANG_WARN_DOCUMENTATION_COMMENTS = YES;
				CLANG_WARN_EMPTY_BODY = YES;
				CLANG_WARN_ENUM_CONVERSION = YES;
				CLANG_WARN_INFINITE_RECURSION = YES;
				CLANG_WARN_INT_CONVERSION = YES;
				CLANG_WARN_NON_LITERAL_NULL_CONVERSION = YES;
				CLANG_WARN_OBJC_IMPLICIT_RETAIN_SELF = YES;
				CLANG_WARN_OBJC_LITERAL_CONVERSION = YES;
				CLANG_WARN_OBJC_ROOT_CLASS = YES_ERROR;
				CLANG_WARN_RANGE_LOOP_ANALYSIS = YES;
				CLANG_WARN_STRICT_PROTOTYPES = YES;
				CLANG_WARN_SUSPICIOUS_MOVE = YES;
				CLANG_WARN_UNGUARDED_AVAILABILITY = YES_AGGRESSIVE;
				CLANG_WARN_UNREACHABLE_CODE = YES;
				CLANG_WARN__DUPLICATE_METHOD_MATCH = YES;
				COPY_PHASE_STRIP = NO;
				DEBUG_INFORMATION_FORMAT = dwarf;
				ENABLE_STRICT_OBJC_MSGSEND = YES;
				ENABLE_TESTABILITY = YES;
				GCC_C_LANGUAGE_STANDARD = gnu11;
				GCC_DYNAMIC_NO_PIC = NO;
				GCC_NO_COMMON_BLOCKS = YES;
				GCC_OPTIMIZATION_LEVEL = 0;
				GCC_PREPROCESSOR_DEFINITIONS = (
					"DEBUG=1",
					"$(inherited)",
				);
				GCC_WARN_64_TO_32_BIT_CONVERSION = YES;
				GCC_WARN_ABOUT_RETURN_TYPE = YES_ERROR;
				GCC_WARN_UNDECLARED_SELECTOR = YES;
				GCC_WARN_UNINITIALIZED_AUTOS = YES_AGGRESSIVE;
				GCC_WARN_UNUSED_FUNCTION = YES;
				GCC_WARN_UNUSED_VARIABLE = YES;
				IPHONEOS_DEPLOYMENT_TARGET = 13.2;
				MTL_ENABLE_DEBUG_INFO = INCLUDE_SOURCE;
				MTL_FAST_MATH = YES;
				ONLY_ACTIVE_ARCH = YES;
				SDKROOT = iphoneos;
				SWIFT_ACTIVE_COMPILATION_CONDITIONS = DEBUG;
				SWIFT_OPTIMIZATION_LEVEL = "-Onone";
			};
			name = Debug;
		};
		758EF45E24F2BE6A00DDC43D /* Release */ = {
			isa = XCBuildConfiguration;
			buildSettings = {
				ALWAYS_SEARCH_USER_PATHS = NO;
				CLANG_ANALYZER_NONNULL = YES;
				CLANG_ANALYZER_NUMBER_OBJECT_CONVERSION = YES_AGGRESSIVE;
				CLANG_CXX_LANGUAGE_STANDARD = "gnu++14";
				CLANG_CXX_LIBRARY = "libc++";
				CLANG_ENABLE_MODULES = YES;
				CLANG_ENABLE_OBJC_ARC = YES;
				CLANG_ENABLE_OBJC_WEAK = YES;
				CLANG_WARN_BLOCK_CAPTURE_AUTORELEASING = YES;
				CLANG_WARN_BOOL_CONVERSION = YES;
				CLANG_WARN_COMMA = YES;
				CLANG_WARN_CONSTANT_CONVERSION = YES;
				CLANG_WARN_DEPRECATED_OBJC_IMPLEMENTATIONS = YES;
				CLANG_WARN_DIRECT_OBJC_ISA_USAGE = YES_ERROR;
				CLANG_WARN_DOCUMENTATION_COMMENTS = YES;
				CLANG_WARN_EMPTY_BODY = YES;
				CLANG_WARN_ENUM_CONVERSION = YES;
				CLANG_WARN_INFINITE_RECURSION = YES;
				CLANG_WARN_INT_CONVERSION = YES;
				CLANG_WARN_NON_LITERAL_NULL_CONVERSION = YES;
				CLANG_WARN_OBJC_IMPLICIT_RETAIN_SELF = YES;
				CLANG_WARN_OBJC_LITERAL_CONVERSION = YES;
				CLANG_WARN_OBJC_ROOT_CLASS = YES_ERROR;
				CLANG_WARN_RANGE_LOOP_ANALYSIS = YES;
				CLANG_WARN_STRICT_PROTOTYPES = YES;
				CLANG_WARN_SUSPICIOUS_MOVE = YES;
				CLANG_WARN_UNGUARDED_AVAILABILITY = YES_AGGRESSIVE;
				CLANG_WARN_UNREACHABLE_CODE = YES;
				CLANG_WARN__DUPLICATE_METHOD_MATCH = YES;
				COPY_PHASE_STRIP = NO;
				DEBUG_INFORMATION_FORMAT = "dwarf-with-dsym";
				ENABLE_NS_ASSERTIONS = NO;
				ENABLE_STRICT_OBJC_MSGSEND = YES;
				GCC_C_LANGUAGE_STANDARD = gnu11;
				GCC_NO_COMMON_BLOCKS = YES;
				GCC_WARN_64_TO_32_BIT_CONVERSION = YES;
				GCC_WARN_ABOUT_RETURN_TYPE = YES_ERROR;
				GCC_WARN_UNDECLARED_SELECTOR = YES;
				GCC_WARN_UNINITIALIZED_AUTOS = YES_AGGRESSIVE;
				GCC_WARN_UNUSED_FUNCTION = YES;
				GCC_WARN_UNUSED_VARIABLE = YES;
				IPHONEOS_DEPLOYMENT_TARGET = 13.2;
				MTL_ENABLE_DEBUG_INFO = NO;
				MTL_FAST_MATH = YES;
				SDKROOT = iphoneos;
				SWIFT_COMPILATION_MODE = wholemodule;
				SWIFT_OPTIMIZATION_LEVEL = "-O";
				VALIDATE_PRODUCT = YES;
			};
			name = Release;
		};
		758EF46024F2BE6A00DDC43D /* Debug */ = {
			isa = XCBuildConfiguration;
			baseConfigurationReference = BA89D75B0007B78D02A72D00 /* Pods-FlickrApp.debug.xcconfig */;
			buildSettings = {
				ASSETCATALOG_COMPILER_APPICON_NAME = AppIcon;
				CODE_SIGN_STYLE = Automatic;
				INFOPLIST_FILE = FlickrApp/Info.plist;
				IPHONEOS_DEPLOYMENT_TARGET = 10.0;
				LD_RUNPATH_SEARCH_PATHS = (
					"$(inherited)",
					"@executable_path/Frameworks",
				);
				PRODUCT_BUNDLE_IDENTIFIER = ashutosh.FlickrApp;
				PRODUCT_NAME = "$(TARGET_NAME)";
				SWIFT_VERSION = 5.0;
				TARGETED_DEVICE_FAMILY = "1,2";
			};
			name = Debug;
		};
		758EF46124F2BE6A00DDC43D /* Release */ = {
			isa = XCBuildConfiguration;
			baseConfigurationReference = F2FFE86A7E7B7C8B552E2384 /* Pods-FlickrApp.release.xcconfig */;
			buildSettings = {
				ASSETCATALOG_COMPILER_APPICON_NAME = AppIcon;
				CODE_SIGN_STYLE = Automatic;
				INFOPLIST_FILE = FlickrApp/Info.plist;
				IPHONEOS_DEPLOYMENT_TARGET = 10.0;
				LD_RUNPATH_SEARCH_PATHS = (
					"$(inherited)",
					"@executable_path/Frameworks",
				);
				PRODUCT_BUNDLE_IDENTIFIER = ashutosh.FlickrApp;
				PRODUCT_NAME = "$(TARGET_NAME)";
				SWIFT_VERSION = 5.0;
				TARGETED_DEVICE_FAMILY = "1,2";
			};
			name = Release;
		};
/* End XCBuildConfiguration section */

/* Begin XCConfigurationList section */
		758EF44624F2BE6800DDC43D /* Build configuration list for PBXProject "FlickrApp" */ = {
			isa = XCConfigurationList;
			buildConfigurations = (
				758EF45D24F2BE6A00DDC43D /* Debug */,
				758EF45E24F2BE6A00DDC43D /* Release */,
			);
			defaultConfigurationIsVisible = 0;
			defaultConfigurationName = Release;
		};
		758EF45F24F2BE6A00DDC43D /* Build configuration list for PBXNativeTarget "FlickrApp" */ = {
			isa = XCConfigurationList;
			buildConfigurations = (
				758EF46024F2BE6A00DDC43D /* Debug */,
				758EF46124F2BE6A00DDC43D /* Release */,
			);
			defaultConfigurationIsVisible = 0;
			defaultConfigurationName = Release;
		};
/* End XCConfigurationList section */
	};
	rootObject = 758EF44324F2BE6800DDC43D /* Project object */;
}
